
Microsoft Visual Studio Solution File, Format Version 12.00
# Visual Studio Version 16
VisualStudioVersion = 16.0.29519.87
MinimumVisualStudioVersion = 10.0.40219.1
Project("{FAE04EC0-301F-11D3-BF4B-00C04F79EFBC}") = "CluedInAssignment", "CluedInAssignment\CluedInAssignment.csproj", "{2A7CC152-1A50-483F-93EE-B4221C6C0FA1}"
EndProject
Global
	GlobalSection(SolutionConfigurationPlatforms) = preSolution
		Debug|Any CPU = Debug|Any CPU
		Release|Any CPU = Release|Any CPU
	EndGlobalSection
	GlobalSection(ProjectConfigurationPlatforms) = postSolution
		{2A7CC152-1A50-483F-93EE-B4221C6C0FA1}.Debug|Any CPU.ActiveCfg = Debug|Any CPU
		{2A7CC152-1A50-483F-93EE-B4221C6C0FA1}.Debug|Any CPU.Build.0 = Debug|Any CPU
		{2A7CC152-1A50-483F-93EE-B4221C6C0FA1}.Release|Any CPU.ActiveCfg = Release|Any CPU
		{2A7CC152-1A50-483F-93EE-B4221C6C0FA1}.Release|Any CPU.Build.0 = Release|Any CPU
	EndGlobalSection
	GlobalSection(SolutionProperties) = preSolution
		HideSolutionNode = FALSE
	EndGlobalSection
	GlobalSection(ExtensibilityGlobals) = postSolution
		SolutionGuid = {A4B20306-3AE8-44AF-8FBD-B23D5ECF5C6D}
	EndGlobalSection
EndGlobal
